// !$*UTF8*$!
{
	archiveVersion = 1;
	classes = {
	};
	objectVersion = 50;
	objects = {

/* Begin PBXBuildFile section */
		AE4B28AC20886E6B00F4BB08 /* test.html in Resources */ = {isa = PBXBuildFile; fileRef = AE4B28AB20886E6B00F4BB08 /* test.html */; };
		AE86C6ED20921021004A18F2 /* JKEventHandler+FF.m in Sources */ = {isa = PBXBuildFile; fileRef = AE86C6EB20921021004A18F2 /* JKEventHandler+FF.m */; };
		AE86C6F020921826004A18F2 /* NSDictionary+Json.m in Sources */ = {isa = PBXBuildFile; fileRef = AE86C6EF20921826004A18F2 /* NSDictionary+Json.m */; };
		AE86C6F42093F3EC004A18F2 /* MessageHandlerViewController.m in Sources */ = {isa = PBXBuildFile; fileRef = AE86C6F22093F3EC004A18F2 /* MessageHandlerViewController.m */; };
		AE91E463207EF2B50015C27F /* libc++.tbd in Frameworks */ = {isa = PBXBuildFile; fileRef = AE91E462207EF2B50015C27F /* libc++.tbd */; };
		AE91E465207EF2C00015C27F /* SystemConfiguration.framework in Frameworks */ = {isa = PBXBuildFile; fileRef = AE91E464207EF2C00015C27F /* SystemConfiguration.framework */; };
		AE91E467207EF2C80015C27F /* CoreTelephony.framework in Frameworks */ = {isa = PBXBuildFile; fileRef = AE91E466207EF2C80015C27F /* CoreTelephony.framework */; };
		AE91E469207EF2D40015C27F /* QuartzCore.framework in Frameworks */ = {isa = PBXBuildFile; fileRef = AE91E468207EF2D40015C27F /* QuartzCore.framework */; };
		AE91E46B207EF2DD0015C27F /* CoreText.framework in Frameworks */ = {isa = PBXBuildFile; fileRef = AE91E46A207EF2DD0015C27F /* CoreText.framework */; };
		AE91E46D207EF2E60015C27F /* CoreGraphics.framework in Frameworks */ = {isa = PBXBuildFile; fileRef = AE91E46C207EF2E60015C27F /* CoreGraphics.framework */; };
		AE91E46F207EF2EE0015C27F /* UIKit.framework in Frameworks */ = {isa = PBXBuildFile; fileRef = AE91E46E207EF2EE0015C27F /* UIKit.framework */; };
		AE91E471207EF2F70015C27F /* Foundation.framework in Frameworks */ = {isa = PBXBuildFile; fileRef = AE91E470207EF2F70015C27F /* Foundation.framework */; };
		AE91E473207EF2FF0015C27F /* CFNetwork.framework in Frameworks */ = {isa = PBXBuildFile; fileRef = AE91E472207EF2FE0015C27F /* CFNetwork.framework */; };
		AE91E475207EF3080015C27F /* CoreMotion.framework in Frameworks */ = {isa = PBXBuildFile; fileRef = AE91E474207EF3080015C27F /* CoreMotion.framework */; };
		AE91E477207EF3170015C27F /* libz.tbd in Frameworks */ = {isa = PBXBuildFile; fileRef = AE91E476207EF3170015C27F /* libz.tbd */; };
		AE91E486207F65030015C27F /* AlipaySDK.bundle in Resources */ = {isa = PBXBuildFile; fileRef = AE91E484207F65030015C27F /* AlipaySDK.bundle */; };
		AE91E488207F656F0015C27F /* AlipaySDK.framework in Frameworks */ = {isa = PBXBuildFile; fileRef = AE91E485207F65030015C27F /* AlipaySDK.framework */; };
		AEC85271207CDD02008EBE06 /* AppDelegate.m in Sources */ = {isa = PBXBuildFile; fileRef = AEC85270207CDD02008EBE06 /* AppDelegate.m */; };
		AEC85279207CDD0A008EBE06 /* Assets.xcassets in Resources */ = {isa = PBXBuildFile; fileRef = AEC85278207CDD0A008EBE06 /* Assets.xcassets */; };
		AEC8527C207CDD0A008EBE06 /* LaunchScreen.storyboard in Resources */ = {isa = PBXBuildFile; fileRef = AEC8527A207CDD0A008EBE06 /* LaunchScreen.storyboard */; };
		AEC8527F207CDD0A008EBE06 /* main.m in Sources */ = {isa = PBXBuildFile; fileRef = AEC8527E207CDD0A008EBE06 /* main.m */; };
		AEC852A2207CE06E008EBE06 /* NSDate+MyDate.m in Sources */ = {isa = PBXBuildFile; fileRef = AEC85289207CE06D008EBE06 /* NSDate+MyDate.m */; };
		AEC852A3207CE06E008EBE06 /* UIImage+MyCustomImage.m in Sources */ = {isa = PBXBuildFile; fileRef = AEC8528B207CE06D008EBE06 /* UIImage+MyCustomImage.m */; };
		AEC852A4207CE06E008EBE06 /* NSString+MyCustomString.m in Sources */ = {isa = PBXBuildFile; fileRef = AEC8528C207CE06D008EBE06 /* NSString+MyCustomString.m */; };
		AEC852A6207CE06E008EBE06 /* UIColor+MyColor.m in Sources */ = {isa = PBXBuildFile; fileRef = AEC8528E207CE06D008EBE06 /* UIColor+MyColor.m */; };
		AEC852A7207CE06E008EBE06 /* TTRequestOperationManager.m in Sources */ = {isa = PBXBuildFile; fileRef = AEC85291207CE06D008EBE06 /* TTRequestOperationManager.m */; };
		AEC852A8207CE06E008EBE06 /* TTUserInfoManager.m in Sources */ = {isa = PBXBuildFile; fileRef = AEC85292207CE06D008EBE06 /* TTUserInfoManager.m */; };
		AEC852AB207CE06E008EBE06 /* TTBaseViewController.m in Sources */ = {isa = PBXBuildFile; fileRef = AEC8529E207CE06D008EBE06 /* TTBaseViewController.m */; };
		AEC852AF207CE126008EBE06 /* RootWebViewController.xib in Resources */ = {isa = PBXBuildFile; fileRef = AEC852AC207CE126008EBE06 /* RootWebViewController.xib */; };
		AEC852B0207CE126008EBE06 /* RootWebViewController.m in Sources */ = {isa = PBXBuildFile; fileRef = AEC852AD207CE126008EBE06 /* RootWebViewController.m */; };
		AEC852B4207CE188008EBE06 /* LoginViewController.m in Sources */ = {isa = PBXBuildFile; fileRef = AEC852B2207CE188008EBE06 /* LoginViewController.m */; };
		AEC852B5207CE188008EBE06 /* LoginViewController.xib in Resources */ = {isa = PBXBuildFile; fileRef = AEC852B3207CE188008EBE06 /* LoginViewController.xib */; };
		AEC852B8207CEA1A008EBE06 /* UIViewController+MyViewController.m in Sources */ = {isa = PBXBuildFile; fileRef = AEC852B7207CEA1A008EBE06 /* UIViewController+MyViewController.m */; };
		B6F16C0CD96670DF47323916 /* libPods-臻饰美.a in Frameworks */ = {isa = PBXBuildFile; fileRef = FDB7BAF23D113C613CB2ADCA /* libPods-臻饰美.a */; };
/* End PBXBuildFile section */

/* Begin PBXFileReference section */
		8CB10619ACE51192800356AC /* Pods-臻饰美.release.xcconfig */ = {isa = PBXFileReference; includeInIndex = 1; lastKnownFileType = text.xcconfig; name = "Pods-臻饰美.release.xcconfig"; path = "Pods/Target Support Files/Pods-臻饰美/Pods-臻饰美.release.xcconfig"; sourceTree = "<group>"; };
		9BF839C99469377E22349313 /* Pods-臻饰美.debug.xcconfig */ = {isa = PBXFileReference; includeInIndex = 1; lastKnownFileType = text.xcconfig; name = "Pods-臻饰美.debug.xcconfig"; path = "Pods/Target Support Files/Pods-臻饰美/Pods-臻饰美.debug.xcconfig"; sourceTree = "<group>"; };
		AE4B28AB20886E6B00F4BB08 /* test.html */ = {isa = PBXFileReference; fileEncoding = 4; lastKnownFileType = text.html; path = test.html; sourceTree = "<group>"; };
		AE86C6EB20921021004A18F2 /* JKEventHandler+FF.m */ = {isa = PBXFileReference; fileEncoding = 4; lastKnownFileType = sourcecode.c.objc; path = "JKEventHandler+FF.m"; sourceTree = "<group>"; };
		AE86C6EC20921021004A18F2 /* JKEventHandler+FF.h */ = {isa = PBXFileReference; fileEncoding = 4; lastKnownFileType = sourcecode.c.h; path = "JKEventHandler+FF.h"; sourceTree = "<group>"; };
		AE86C6EE20921826004A18F2 /* NSDictionary+Json.h */ = {isa = PBXFileReference; lastKnownFileType = sourcecode.c.h; path = "NSDictionary+Json.h"; sourceTree = "<group>"; };
		AE86C6EF20921826004A18F2 /* NSDictionary+Json.m */ = {isa = PBXFileReference; lastKnownFileType = sourcecode.c.objc; path = "NSDictionary+Json.m"; sourceTree = "<group>"; };
		AE86C6F12093F3EC004A18F2 /* MessageHandlerViewController.h */ = {isa = PBXFileReference; lastKnownFileType = sourcecode.c.h; path = MessageHandlerViewController.h; sourceTree = "<group>"; };
		AE86C6F22093F3EC004A18F2 /* MessageHandlerViewController.m */ = {isa = PBXFileReference; lastKnownFileType = sourcecode.c.objc; path = MessageHandlerViewController.m; sourceTree = "<group>"; };
		AE91E462207EF2B50015C27F /* libc++.tbd */ = {isa = PBXFileReference; lastKnownFileType = "sourcecode.text-based-dylib-definition"; name = "libc++.tbd"; path = "usr/lib/libc++.tbd"; sourceTree = SDKROOT; };
		AE91E464207EF2C00015C27F /* SystemConfiguration.framework */ = {isa = PBXFileReference; lastKnownFileType = wrapper.framework; name = SystemConfiguration.framework; path = System/Library/Frameworks/SystemConfiguration.framework; sourceTree = SDKROOT; };
		AE91E466207EF2C80015C27F /* CoreTelephony.framework */ = {isa = PBXFileReference; lastKnownFileType = wrapper.framework; name = CoreTelephony.framework; path = System/Library/Frameworks/CoreTelephony.framework; sourceTree = SDKROOT; };
		AE91E468207EF2D40015C27F /* QuartzCore.framework */ = {isa = PBXFileReference; lastKnownFileType = wrapper.framework; name = QuartzCore.framework; path = System/Library/Frameworks/QuartzCore.framework; sourceTree = SDKROOT; };
		AE91E46A207EF2DD0015C27F /* CoreText.framework */ = {isa = PBXFileReference; lastKnownFileType = wrapper.framework; name = CoreText.framework; path = System/Library/Frameworks/CoreText.framework; sourceTree = SDKROOT; };
		AE91E46C207EF2E60015C27F /* CoreGraphics.framework */ = {isa = PBXFileReference; lastKnownFileType = wrapper.framework; name = CoreGraphics.framework; path = System/Library/Frameworks/CoreGraphics.framework; sourceTree = SDKROOT; };
		AE91E46E207EF2EE0015C27F /* UIKit.framework */ = {isa = PBXFileReference; lastKnownFileType = wrapper.framework; name = UIKit.framework; path = System/Library/Frameworks/UIKit.framework; sourceTree = SDKROOT; };
		AE91E470207EF2F70015C27F /* Foundation.framework */ = {isa = PBXFileReference; lastKnownFileType = wrapper.framework; name = Foundation.framework; path = System/Library/Frameworks/Foundation.framework; sourceTree = SDKROOT; };
		AE91E472207EF2FE0015C27F /* CFNetwork.framework */ = {isa = PBXFileReference; lastKnownFileType = wrapper.framework; name = CFNetwork.framework; path = System/Library/Frameworks/CFNetwork.framework; sourceTree = SDKROOT; };
		AE91E474207EF3080015C27F /* CoreMotion.framework */ = {isa = PBXFileReference; lastKnownFileType = wrapper.framework; name = CoreMotion.framework; path = System/Library/Frameworks/CoreMotion.framework; sourceTree = SDKROOT; };
		AE91E476207EF3170015C27F /* libz.tbd */ = {isa = PBXFileReference; lastKnownFileType = "sourcecode.text-based-dylib-definition"; name = libz.tbd; path = usr/lib/libz.tbd; sourceTree = SDKROOT; };
		AE91E481207F64910015C27F /* AlipaySDK.framework */ = {isa = PBXFileReference; lastKnownFileType = wrapper.framework; path = AlipaySDK.framework; sourceTree = "<group>"; };
		AE91E484207F65030015C27F /* AlipaySDK.bundle */ = {isa = PBXFileReference; lastKnownFileType = "wrapper.plug-in"; path = AlipaySDK.bundle; sourceTree = "<group>"; };
		AE91E485207F65030015C27F /* AlipaySDK.framework */ = {isa = PBXFileReference; lastKnownFileType = wrapper.framework; path = AlipaySDK.framework; sourceTree = "<group>"; };
		AEC8526C207CDD01008EBE06 /* 臻饰美.app */ = {isa = PBXFileReference; explicitFileType = wrapper.application; includeInIndex = 0; path = "臻饰美.app"; sourceTree = BUILT_PRODUCTS_DIR; };
		AEC8526F207CDD02008EBE06 /* AppDelegate.h */ = {isa = PBXFileReference; lastKnownFileType = sourcecode.c.h; path = AppDelegate.h; sourceTree = "<group>"; };
		AEC85270207CDD02008EBE06 /* AppDelegate.m */ = {isa = PBXFileReference; lastKnownFileType = sourcecode.c.objc; path = AppDelegate.m; sourceTree = "<group>"; };
		AEC85278207CDD0A008EBE06 /* Assets.xcassets */ = {isa = PBXFileReference; lastKnownFileType = folder.assetcatalog; path = Assets.xcassets; sourceTree = "<group>"; };
		AEC8527B207CDD0A008EBE06 /* Base */ = {isa = PBXFileReference; lastKnownFileType = file.storyboard; name = Base; path = Base.lproj/LaunchScreen.storyboard; sourceTree = "<group>"; };
		AEC8527D207CDD0A008EBE06 /* Info.plist */ = {isa = PBXFileReference; lastKnownFileType = text.plist.xml; path = Info.plist; sourceTree = "<group>"; };
		AEC8527E207CDD0A008EBE06 /* main.m */ = {isa = PBXFileReference; lastKnownFileType = sourcecode.c.objc; path = main.m; sourceTree = "<group>"; };
		AEC85286207CE06D008EBE06 /* NSString+MyCustomString.h */ = {isa = PBXFileReference; fileEncoding = 4; lastKnownFileType = sourcecode.c.h; path = "NSString+MyCustomString.h"; sourceTree = "<group>"; };
		AEC85287207CE06D008EBE06 /* UIImage+MyCustomImage.h */ = {isa = PBXFileReference; fileEncoding = 4; lastKnownFileType = sourcecode.c.h; path = "UIImage+MyCustomImage.h"; sourceTree = "<group>"; };
		AEC85289207CE06D008EBE06 /* NSDate+MyDate.m */ = {isa = PBXFileReference; fileEncoding = 4; lastKnownFileType = sourcecode.c.objc; path = "NSDate+MyDate.m"; sourceTree = "<group>"; };
		AEC8528A207CE06D008EBE06 /* UIColor+MyColor.h */ = {isa = PBXFileReference; fileEncoding = 4; lastKnownFileType = sourcecode.c.h; path = "UIColor+MyColor.h"; sourceTree = "<group>"; };
		AEC8528B207CE06D008EBE06 /* UIImage+MyCustomImage.m */ = {isa = PBXFileReference; fileEncoding = 4; lastKnownFileType = sourcecode.c.objc; path = "UIImage+MyCustomImage.m"; sourceTree = "<group>"; };
		AEC8528C207CE06D008EBE06 /* NSString+MyCustomString.m */ = {isa = PBXFileReference; fileEncoding = 4; lastKnownFileType = sourcecode.c.objc; path = "NSString+MyCustomString.m"; sourceTree = "<group>"; };
		AEC8528E207CE06D008EBE06 /* UIColor+MyColor.m */ = {isa = PBXFileReference; fileEncoding = 4; lastKnownFileType = sourcecode.c.objc; path = "UIColor+MyColor.m"; sourceTree = "<group>"; };
		AEC8528F207CE06D008EBE06 /* NSDate+MyDate.h */ = {isa = PBXFileReference; fileEncoding = 4; lastKnownFileType = sourcecode.c.h; path = "NSDate+MyDate.h"; sourceTree = "<group>"; };
		AEC85291207CE06D008EBE06 /* TTRequestOperationManager.m */ = {isa = PBXFileReference; fileEncoding = 4; lastKnownFileType = sourcecode.c.objc; path = TTRequestOperationManager.m; sourceTree = "<group>"; };
		AEC85292207CE06D008EBE06 /* TTUserInfoManager.m */ = {isa = PBXFileReference; fileEncoding = 4; lastKnownFileType = sourcecode.c.objc; path = TTUserInfoManager.m; sourceTree = "<group>"; };
		AEC85293207CE06D008EBE06 /* TTVenderHeader.h */ = {isa = PBXFileReference; fileEncoding = 4; lastKnownFileType = sourcecode.c.h; path = TTVenderHeader.h; sourceTree = "<group>"; };
		AEC85294207CE06D008EBE06 /* TTRequestOperationManager.h */ = {isa = PBXFileReference; fileEncoding = 4; lastKnownFileType = sourcecode.c.h; path = TTRequestOperationManager.h; sourceTree = "<group>"; };
		AEC85295207CE06D008EBE06 /* TTUserInfoManager.h */ = {isa = PBXFileReference; fileEncoding = 4; lastKnownFileType = sourcecode.c.h; path = TTUserInfoManager.h; sourceTree = "<group>"; };
		AEC8529A207CE06D008EBE06 /* TTBaseViewController.h */ = {isa = PBXFileReference; fileEncoding = 4; lastKnownFileType = sourcecode.c.h; path = TTBaseViewController.h; sourceTree = "<group>"; };
		AEC8529E207CE06D008EBE06 /* TTBaseViewController.m */ = {isa = PBXFileReference; fileEncoding = 4; lastKnownFileType = sourcecode.c.objc; path = TTBaseViewController.m; sourceTree = "<group>"; };
		AEC852AC207CE126008EBE06 /* RootWebViewController.xib */ = {isa = PBXFileReference; fileEncoding = 4; lastKnownFileType = file.xib; path = RootWebViewController.xib; sourceTree = "<group>"; };
		AEC852AD207CE126008EBE06 /* RootWebViewController.m */ = {isa = PBXFileReference; fileEncoding = 4; lastKnownFileType = sourcecode.c.objc; path = RootWebViewController.m; sourceTree = "<group>"; };
		AEC852AE207CE126008EBE06 /* RootWebViewController.h */ = {isa = PBXFileReference; fileEncoding = 4; lastKnownFileType = sourcecode.c.h; path = RootWebViewController.h; sourceTree = "<group>"; };
		AEC852B1207CE188008EBE06 /* LoginViewController.h */ = {isa = PBXFileReference; lastKnownFileType = sourcecode.c.h; path = LoginViewController.h; sourceTree = "<group>"; };
		AEC852B2207CE188008EBE06 /* LoginViewController.m */ = {isa = PBXFileReference; lastKnownFileType = sourcecode.c.objc; path = LoginViewController.m; sourceTree = "<group>"; };
		AEC852B3207CE188008EBE06 /* LoginViewController.xib */ = {isa = PBXFileReference; lastKnownFileType = file.xib; path = LoginViewController.xib; sourceTree = "<group>"; };
		AEC852B6207CEA1A008EBE06 /* UIViewController+MyViewController.h */ = {isa = PBXFileReference; fileEncoding = 4; lastKnownFileType = sourcecode.c.h; name = "UIViewController+MyViewController.h"; path = "../../PointsForShop/category/UIViewController+MyViewController.h"; sourceTree = "<group>"; };
		AEC852B7207CEA1A008EBE06 /* UIViewController+MyViewController.m */ = {isa = PBXFileReference; fileEncoding = 4; lastKnownFileType = sourcecode.c.objc; name = "UIViewController+MyViewController.m"; path = "../../PointsForShop/category/UIViewController+MyViewController.m"; sourceTree = "<group>"; };
		FDB7BAF23D113C613CB2ADCA /* libPods-臻饰美.a */ = {isa = PBXFileReference; explicitFileType = archive.ar; includeInIndex = 0; path = "libPods-臻饰美.a"; sourceTree = BUILT_PRODUCTS_DIR; };
/* End PBXFileReference section */

/* Begin PBXFrameworksBuildPhase section */
		AEC85269207CDD01008EBE06 /* Frameworks */ = {
			isa = PBXFrameworksBuildPhase;
			buildActionMask = 2147483647;
			files = (
				AE91E488207F656F0015C27F /* AlipaySDK.framework in Frameworks */,
				AE91E463207EF2B50015C27F /* libc++.tbd in Frameworks */,
				AE91E477207EF3170015C27F /* libz.tbd in Frameworks */,
				AE91E465207EF2C00015C27F /* SystemConfiguration.framework in Frameworks */,
				AE91E467207EF2C80015C27F /* CoreTelephony.framework in Frameworks */,
				AE91E469207EF2D40015C27F /* QuartzCore.framework in Frameworks */,
				AE91E46B207EF2DD0015C27F /* CoreText.framework in Frameworks */,
				AE91E46D207EF2E60015C27F /* CoreGraphics.framework in Frameworks */,
				AE91E46F207EF2EE0015C27F /* UIKit.framework in Frameworks */,
				AE91E471207EF2F70015C27F /* Foundation.framework in Frameworks */,
				AE91E473207EF2FF0015C27F /* CFNetwork.framework in Frameworks */,
				AE91E475207EF3080015C27F /* CoreMotion.framework in Frameworks */,
				B6F16C0CD96670DF47323916 /* libPods-臻饰美.a in Frameworks */,
			);
			runOnlyForDeploymentPostprocessing = 0;
		};
/* End PBXFrameworksBuildPhase section */

/* Begin PBXGroup section */
		5DBC46957736502D1C087A1D /* Pods */ = {
			isa = PBXGroup;
			children = (
				9BF839C99469377E22349313 /* Pods-臻饰美.debug.xcconfig */,
				8CB10619ACE51192800356AC /* Pods-臻饰美.release.xcconfig */,
			);
			name = Pods;
			sourceTree = "<group>";
		};
		AE91E483207F65030015C27F /* alipay */ = {
			isa = PBXGroup;
			children = (
				AE91E484207F65030015C27F /* AlipaySDK.bundle */,
				AE91E485207F65030015C27F /* AlipaySDK.framework */,
			);
			path = alipay;
			sourceTree = "<group>";
		};
		AEC85263207CDD01008EBE06 = {
			isa = PBXGroup;
			children = (
				AE91E483207F65030015C27F /* alipay */,
				AEC85285207CE06D008EBE06 /* category */,
				AEC85296207CE06D008EBE06 /* controller */,
				AEC85290207CE06D008EBE06 /* vender */,
				AEC8526E207CDD01008EBE06 /* 臻饰美 */,
				AEC8526D207CDD01008EBE06 /* Products */,
				5DBC46957736502D1C087A1D /* Pods */,
				D9ACB2776E9F4E5E084D3A79 /* Frameworks */,
			);
			sourceTree = "<group>";
		};
		AEC8526D207CDD01008EBE06 /* Products */ = {
			isa = PBXGroup;
			children = (
				AEC8526C207CDD01008EBE06 /* 臻饰美.app */,
			);
			name = Products;
			sourceTree = "<group>";
		};
		AEC8526E207CDD01008EBE06 /* 臻饰美 */ = {
			isa = PBXGroup;
			children = (
				AEC8526F207CDD02008EBE06 /* AppDelegate.h */,
				AEC85270207CDD02008EBE06 /* AppDelegate.m */,
				AE4B28AB20886E6B00F4BB08 /* test.html */,
				AEC85278207CDD0A008EBE06 /* Assets.xcassets */,
				AEC8527A207CDD0A008EBE06 /* LaunchScreen.storyboard */,
				AEC8527D207CDD0A008EBE06 /* Info.plist */,
				AEC8527E207CDD0A008EBE06 /* main.m */,
			);
			path = "臻饰美";
			sourceTree = "<group>";
		};
		AEC85285207CE06D008EBE06 /* category */ = {
			isa = PBXGroup;
			children = (
				AEC852B6207CEA1A008EBE06 /* UIViewController+MyViewController.h */,
				AEC852B7207CEA1A008EBE06 /* UIViewController+MyViewController.m */,
				AEC85286207CE06D008EBE06 /* NSString+MyCustomString.h */,
				AEC8528C207CE06D008EBE06 /* NSString+MyCustomString.m */,
				AEC85287207CE06D008EBE06 /* UIImage+MyCustomImage.h */,
				AEC8528B207CE06D008EBE06 /* UIImage+MyCustomImage.m */,
				AEC85289207CE06D008EBE06 /* NSDate+MyDate.m */,
				AEC8528A207CE06D008EBE06 /* UIColor+MyColor.h */,
				AEC8528E207CE06D008EBE06 /* UIColor+MyColor.m */,
				AEC8528F207CE06D008EBE06 /* NSDate+MyDate.h */,
				AE86C6EE20921826004A18F2 /* NSDictionary+Json.h */,
				AE86C6EF20921826004A18F2 /* NSDictionary+Json.m */,
			);
			path = category;
			sourceTree = "<group>";
		};
		AEC85290207CE06D008EBE06 /* vender */ = {
			isa = PBXGroup;
			children = (
				AEC85293207CE06D008EBE06 /* TTVenderHeader.h */,
				AEC85295207CE06D008EBE06 /* TTUserInfoManager.h */,
				AEC85292207CE06D008EBE06 /* TTUserInfoManager.m */,
				AEC85294207CE06D008EBE06 /* TTRequestOperationManager.h */,
				AEC85291207CE06D008EBE06 /* TTRequestOperationManager.m */,
			);
			path = vender;
			sourceTree = "<group>";
		};
		AEC85296207CE06D008EBE06 /* controller */ = {
			isa = PBXGroup;
			children = (
				AEC8529A207CE06D008EBE06 /* TTBaseViewController.h */,
				AEC8529E207CE06D008EBE06 /* TTBaseViewController.m */,
				AEC852B1207CE188008EBE06 /* LoginViewController.h */,
				AEC852B2207CE188008EBE06 /* LoginViewController.m */,
				AEC852B3207CE188008EBE06 /* LoginViewController.xib */,
				AEC852AE207CE126008EBE06 /* RootWebViewController.h */,
				AEC852AD207CE126008EBE06 /* RootWebViewController.m */,
				AEC852AC207CE126008EBE06 /* RootWebViewController.xib */,
				AE86C6F12093F3EC004A18F2 /* MessageHandlerViewController.h */,
				AE86C6F22093F3EC004A18F2 /* MessageHandlerViewController.m */,
				AE86C6EC20921021004A18F2 /* JKEventHandler+FF.h */,
				AE86C6EB20921021004A18F2 /* JKEventHandler+FF.m */,
			);
			path = controller;
			sourceTree = "<group>";
		};
		D9ACB2776E9F4E5E084D3A79 /* Frameworks */ = {
			isa = PBXGroup;
			children = (
				AE91E481207F64910015C27F /* AlipaySDK.framework */,
				AE91E476207EF3170015C27F /* libz.tbd */,
				AE91E474207EF3080015C27F /* CoreMotion.framework */,
				AE91E472207EF2FE0015C27F /* CFNetwork.framework */,
				AE91E470207EF2F70015C27F /* Foundation.framework */,
				AE91E46E207EF2EE0015C27F /* UIKit.framework */,
				AE91E46C207EF2E60015C27F /* CoreGraphics.framework */,
				AE91E46A207EF2DD0015C27F /* CoreText.framework */,
				AE91E468207EF2D40015C27F /* QuartzCore.framework */,
				AE91E466207EF2C80015C27F /* CoreTelephony.framework */,
				AE91E464207EF2C00015C27F /* SystemConfiguration.framework */,
				AE91E462207EF2B50015C27F /* libc++.tbd */,
				FDB7BAF23D113C613CB2ADCA /* libPods-臻饰美.a */,
			);
			name = Frameworks;
			sourceTree = "<group>";
		};
/* End PBXGroup section */

/* Begin PBXNativeTarget section */
		AEC8526B207CDD01008EBE06 /* 臻饰美 */ = {
			isa = PBXNativeTarget;
			buildConfigurationList = AEC85282207CDD0A008EBE06 /* Build configuration list for PBXNativeTarget "臻饰美" */;
			buildPhases = (
				EF6D89BFB045F5FC232B61B7 /* [CP] Check Pods Manifest.lock */,
				AEC85268207CDD01008EBE06 /* Sources */,
				AEC85269207CDD01008EBE06 /* Frameworks */,
				AEC8526A207CDD01008EBE06 /* Resources */,
				04DFB123FDC27F4983A48A2F /* [CP] Copy Pods Resources */,
			);
			buildRules = (
			);
			dependencies = (
			);
			name = "臻饰美";
			productName = "臻饰美";
			productReference = AEC8526C207CDD01008EBE06 /* 臻饰美.app */;
			productType = "com.apple.product-type.application";
		};
/* End PBXNativeTarget section */

/* Begin PBXProject section */
		AEC85264207CDD01008EBE06 /* Project object */ = {
			isa = PBXProject;
			attributes = {
				LastUpgradeCheck = 0930;
				ORGANIZATIONNAME = "方子辰";
				TargetAttributes = {
					AEC8526B207CDD01008EBE06 = {
						CreatedOnToolsVersion = 9.3;
					};
				};
			};
			buildConfigurationList = AEC85267207CDD01008EBE06 /* Build configuration list for PBXProject "臻饰美" */;
			compatibilityVersion = "Xcode 9.3";
			developmentRegion = en;
			hasScannedForEncodings = 0;
			knownRegions = (
				en,
				Base,
			);
			mainGroup = AEC85263207CDD01008EBE06;
			productRefGroup = AEC8526D207CDD01008EBE06 /* Products */;
			projectDirPath = "";
			projectRoot = "";
			targets = (
				AEC8526B207CDD01008EBE06 /* 臻饰美 */,
			);
		};
/* End PBXProject section */

/* Begin PBXResourcesBuildPhase section */
		AEC8526A207CDD01008EBE06 /* Resources */ = {
			isa = PBXResourcesBuildPhase;
			buildActionMask = 2147483647;
			files = (
				AE4B28AC20886E6B00F4BB08 /* test.html in Resources */,
				AE91E486207F65030015C27F /* AlipaySDK.bundle in Resources */,
				AEC852B5207CE188008EBE06 /* LoginViewController.xib in Resources */,
				AEC8527C207CDD0A008EBE06 /* LaunchScreen.storyboard in Resources */,
				AEC852AF207CE126008EBE06 /* RootWebViewController.xib in Resources */,
				AEC85279207CDD0A008EBE06 /* Assets.xcassets in Resources */,
			);
			runOnlyForDeploymentPostprocessing = 0;
		};
/* End PBXResourcesBuildPhase section */

/* Begin PBXShellScriptBuildPhase section */
		04DFB123FDC27F4983A48A2F /* [CP] Copy Pods Resources */ = {
			isa = PBXShellScriptBuildPhase;
			buildActionMask = 2147483647;
			files = (
			);
			inputPaths = (
				"${SRCROOT}/Pods/Target Support Files/Pods-臻饰美/Pods-臻饰美-resources.sh",
				"${PODS_ROOT}/JKWKWebViewHandler/JKWKWebViewHandler/Resources/JKEventHandler.js",
				"${PODS_ROOT}/ProgressHUD/ProgressHUD/ProgressHUD/ProgressHUD.bundle",
			);
			name = "[CP] Copy Pods Resources";
			outputPaths = (
				"${TARGET_BUILD_DIR}/${UNLOCALIZED_RESOURCES_FOLDER_PATH}/JKEventHandler.js",
				"${TARGET_BUILD_DIR}/${UNLOCALIZED_RESOURCES_FOLDER_PATH}/ProgressHUD.bundle",
			);
			runOnlyForDeploymentPostprocessing = 0;
			shellPath = /bin/sh;
			shellScript = "\"${SRCROOT}/Pods/Target Support Files/Pods-臻饰美/Pods-臻饰美-resources.sh\"\n";
			showEnvVarsInLog = 0;
		};
		EF6D89BFB045F5FC232B61B7 /* [CP] Check Pods Manifest.lock */ = {
			isa = PBXShellScriptBuildPhase;
			buildActionMask = 2147483647;
			files = (
			);
			inputPaths = (
				"${PODS_PODFILE_DIR_PATH}/Podfile.lock",
				"${PODS_ROOT}/Manifest.lock",
			);
			name = "[CP] Check Pods Manifest.lock";
			outputPaths = (
				"$(DERIVED_FILE_DIR)/Pods-臻饰美-checkManifestLockResult.txt",
			);
			runOnlyForDeploymentPostprocessing = 0;
			shellPath = /bin/sh;
			shellScript = "diff \"${PODS_PODFILE_DIR_PATH}/Podfile.lock\" \"${PODS_ROOT}/Manifest.lock\" > /dev/null\nif [ $? != 0 ] ; then\n    # print error to STDERR\n    echo \"error: The sandbox is not in sync with the Podfile.lock. Run 'pod install' or update your CocoaPods installation.\" >&2\n    exit 1\nfi\n# This output is used by Xcode 'outputs' to avoid re-running this script phase.\necho \"SUCCESS\" > \"${SCRIPT_OUTPUT_FILE_0}\"\n";
			showEnvVarsInLog = 0;
		};
/* End PBXShellScriptBuildPhase section */

/* Begin PBXSourcesBuildPhase section */
		AEC85268207CDD01008EBE06 /* Sources */ = {
			isa = PBXSourcesBuildPhase;
			buildActionMask = 2147483647;
			files = (
				AE86C6F020921826004A18F2 /* NSDictionary+Json.m in Sources */,
				AEC852AB207CE06E008EBE06 /* TTBaseViewController.m in Sources */,
				AEC852B0207CE126008EBE06 /* RootWebViewController.m in Sources */,
				AEC852B4207CE188008EBE06 /* LoginViewController.m in Sources */,
				AEC852A2207CE06E008EBE06 /* NSDate+MyDate.m in Sources */,
				AE86C6F42093F3EC004A18F2 /* MessageHandlerViewController.m in Sources */,
				AEC852A6207CE06E008EBE06 /* UIColor+MyColor.m in Sources */,
				AEC852A8207CE06E008EBE06 /* TTUserInfoManager.m in Sources */,
				AEC852A7207CE06E008EBE06 /* TTRequestOperationManager.m in Sources */,
				AEC852A3207CE06E008EBE06 /* UIImage+MyCustomImage.m in Sources */,
				AE86C6ED20921021004A18F2 /* JKEventHandler+FF.m in Sources */,
				AEC852B8207CEA1A008EBE06 /* UIViewController+MyViewController.m in Sources */,
				AEC8527F207CDD0A008EBE06 /* main.m in Sources */,
				AEC85271207CDD02008EBE06 /* AppDelegate.m in Sources */,
				AEC852A4207CE06E008EBE06 /* NSString+MyCustomString.m in Sources */,
			);
			runOnlyForDeploymentPostprocessing = 0;
		};
/* End PBXSourcesBuildPhase section */

/* Begin PBXVariantGroup section */
		AEC8527A207CDD0A008EBE06 /* LaunchScreen.storyboard */ = {
			isa = PBXVariantGroup;
			children = (
				AEC8527B207CDD0A008EBE06 /* Base */,
			);
			name = LaunchScreen.storyboard;
			sourceTree = "<group>";
		};
/* End PBXVariantGroup section */

/* Begin XCBuildConfiguration section */
		AEC85280207CDD0A008EBE06 /* Debug */ = {
			isa = XCBuildConfiguration;
			buildSettings = {
				ALWAYS_SEARCH_USER_PATHS = NO;
				CLANG_ANALYZER_NONNULL = YES;
				CLANG_ANALYZER_NUMBER_OBJECT_CONVERSION = YES_AGGRESSIVE;
				CLANG_CXX_LANGUAGE_STANDARD = "gnu++14";
				CLANG_CXX_LIBRARY = "libc++";
				CLANG_ENABLE_MODULES = YES;
				CLANG_ENABLE_OBJC_ARC = YES;
				CLANG_ENABLE_OBJC_WEAK = YES;
				CLANG_WARN_BLOCK_CAPTURE_AUTORELEASING = YES;
				CLANG_WARN_BOOL_CONVERSION = YES;
				CLANG_WARN_COMMA = YES;
				CLANG_WARN_CONSTANT_CONVERSION = YES;
				CLANG_WARN_DEPRECATED_OBJC_IMPLEMENTATIONS = YES;
				CLANG_WARN_DIRECT_OBJC_ISA_USAGE = YES_ERROR;
				CLANG_WARN_DOCUMENTATION_COMMENTS = YES;
				CLANG_WARN_EMPTY_BODY = YES;
				CLANG_WARN_ENUM_CONVERSION = YES;
				CLANG_WARN_INFINITE_RECURSION = YES;
				CLANG_WARN_INT_CONVERSION = YES;
				CLANG_WARN_NON_LITERAL_NULL_CONVERSION = YES;
				CLANG_WARN_OBJC_IMPLICIT_RETAIN_SELF = YES;
				CLANG_WARN_OBJC_LITERAL_CONVERSION = YES;
				CLANG_WARN_OBJC_ROOT_CLASS = YES_ERROR;
				CLANG_WARN_RANGE_LOOP_ANALYSIS = YES;
				CLANG_WARN_STRICT_PROTOTYPES = YES;
				CLANG_WARN_SUSPICIOUS_MOVE = YES;
				CLANG_WARN_UNGUARDED_AVAILABILITY = YES_AGGRESSIVE;
				CLANG_WARN_UNREACHABLE_CODE = YES;
				CLANG_WARN__DUPLICATE_METHOD_MATCH = YES;
				CODE_SIGN_IDENTITY = "iPhone Developer";
				COPY_PHASE_STRIP = NO;
				DEBUG_INFORMATION_FORMAT = dwarf;
				ENABLE_STRICT_OBJC_MSGSEND = YES;
				ENABLE_TESTABILITY = YES;
				GCC_C_LANGUAGE_STANDARD = gnu11;
				GCC_DYNAMIC_NO_PIC = NO;
				GCC_NO_COMMON_BLOCKS = YES;
				GCC_OPTIMIZATION_LEVEL = 0;
				GCC_PREPROCESSOR_DEFINITIONS = (
					"DEBUG=1",
					"$(inherited)",
				);
				GCC_WARN_64_TO_32_BIT_CONVERSION = YES;
				GCC_WARN_ABOUT_RETURN_TYPE = YES_ERROR;
				GCC_WARN_UNDECLARED_SELECTOR = YES;
				GCC_WARN_UNINITIALIZED_AUTOS = YES_AGGRESSIVE;
				GCC_WARN_UNUSED_FUNCTION = YES;
				GCC_WARN_UNUSED_VARIABLE = YES;
				IPHONEOS_DEPLOYMENT_TARGET = 11.3;
				MTL_ENABLE_DEBUG_INFO = YES;
				ONLY_ACTIVE_ARCH = YES;
				SDKROOT = iphoneos;
			};
			name = Debug;
		};
		AEC85281207CDD0A008EBE06 /* Release */ = {
			isa = XCBuildConfiguration;
			buildSettings = {
				ALWAYS_SEARCH_USER_PATHS = NO;
				CLANG_ANALYZER_NONNULL = YES;
				CLANG_ANALYZER_NUMBER_OBJECT_CONVERSION = YES_AGGRESSIVE;
				CLANG_CXX_LANGUAGE_STANDARD = "gnu++14";
				CLANG_CXX_LIBRARY = "libc++";
				CLANG_ENABLE_MODULES = YES;
				CLANG_ENABLE_OBJC_ARC = YES;
				CLANG_ENABLE_OBJC_WEAK = YES;
				CLANG_WARN_BLOCK_CAPTURE_AUTORELEASING = YES;
				CLANG_WARN_BOOL_CONVERSION = YES;
				CLANG_WARN_COMMA = YES;
				CLANG_WARN_CONSTANT_CONVERSION = YES;
				CLANG_WARN_DEPRECATED_OBJC_IMPLEMENTATIONS = YES;
				CLANG_WARN_DIRECT_OBJC_ISA_USAGE = YES_ERROR;
				CLANG_WARN_DOCUMENTATION_COMMENTS = YES;
				CLANG_WARN_EMPTY_BODY = YES;
				CLANG_WARN_ENUM_CONVERSION = YES;
				CLANG_WARN_INFINITE_RECURSION = YES;
				CLANG_WARN_INT_CONVERSION = YES;
				CLANG_WARN_NON_LITERAL_NULL_CONVERSION = YES;
				CLANG_WARN_OBJC_IMPLICIT_RETAIN_SELF = YES;
				CLANG_WARN_OBJC_LITERAL_CONVERSION = YES;
				CLANG_WARN_OBJC_ROOT_CLASS = YES_ERROR;
				CLANG_WARN_RANGE_LOOP_ANALYSIS = YES;
				CLANG_WARN_STRICT_PROTOTYPES = YES;
				CLANG_WARN_SUSPICIOUS_MOVE = YES;
				CLANG_WARN_UNGUARDED_AVAILABILITY = YES_AGGRESSIVE;
				CLANG_WARN_UNREACHABLE_CODE = YES;
				CLANG_WARN__DUPLICATE_METHOD_MATCH = YES;
				CODE_SIGN_IDENTITY = "iPhone Developer";
				COPY_PHASE_STRIP = NO;
				DEBUG_INFORMATION_FORMAT = "dwarf-with-dsym";
				ENABLE_NS_ASSERTIONS = NO;
				ENABLE_STRICT_OBJC_MSGSEND = YES;
				GCC_C_LANGUAGE_STANDARD = gnu11;
				GCC_NO_COMMON_BLOCKS = YES;
				GCC_WARN_64_TO_32_BIT_CONVERSION = YES;
				GCC_WARN_ABOUT_RETURN_TYPE = YES_ERROR;
				GCC_WARN_UNDECLARED_SELECTOR = YES;
				GCC_WARN_UNINITIALIZED_AUTOS = YES_AGGRESSIVE;
				GCC_WARN_UNUSED_FUNCTION = YES;
				GCC_WARN_UNUSED_VARIABLE = YES;
				IPHONEOS_DEPLOYMENT_TARGET = 11.3;
				MTL_ENABLE_DEBUG_INFO = NO;
				SDKROOT = iphoneos;
				VALIDATE_PRODUCT = YES;
			};
			name = Release;
		};
		AEC85283207CDD0A008EBE06 /* Debug */ = {
			isa = XCBuildConfiguration;
			baseConfigurationReference = 9BF839C99469377E22349313 /* Pods-臻饰美.debug.xcconfig */;
			buildSettings = {
				ASSETCATALOG_COMPILER_APPICON_NAME = AppIcon;
				CODE_SIGN_STYLE = Automatic;
				DEVELOPMENT_TEAM = U44QXKV53Z;
				FRAMEWORK_SEARCH_PATHS = (
					"$(inherited)",
					"$(PROJECT_DIR)",
					"$(PROJECT_DIR)/alipay",
				);
				HEADER_SEARCH_PATHS = (
					"$(inherited)",
					"\"${PODS_ROOT}/Headers/Public\"",
					"\"${PODS_ROOT}/Headers/Public/AFNetworking\"",
					"\"${PODS_ROOT}/Headers/Public/FFFJsonKillNull\"",
					"\"${PODS_ROOT}/Headers/Public/JPush\"",
					"\"${PODS_ROOT}/Headers/Public/ProgressHUD\"",
					"\"${PODS_ROOT}/Headers/Public/TPKeyboardAvoiding\"",
					"\"${PODS_ROOT}/Headers/Public/Toast\"",
					"\"${PODS_ROOT}/臻饰美/alipay \"${PODS_ROOT}/",
				);
				INFOPLIST_FILE = "臻饰美/Info.plist";
				IPHONEOS_DEPLOYMENT_TARGET = 8.0;
				LD_RUNPATH_SEARCH_PATHS = (
					"$(inherited)",
					"@executable_path/Frameworks",
				);
				PRODUCT_BUNDLE_IDENTIFIER = com.jt.zsm;
				PRODUCT_NAME = "$(TARGET_NAME)";
				TARGETED_DEVICE_FAMILY = 1;
			};
			name = Debug;
		};
		AEC85284207CDD0A008EBE06 /* Release */ = {
			isa = XCBuildConfiguration;
			baseConfigurationReference = 8CB10619ACE51192800356AC /* Pods-臻饰美.release.xcconfig */;
			buildSettings = {
				ASSETCATALOG_COMPILER_APPICON_NAME = AppIcon;
				CODE_SIGN_STYLE = Automatic;
				DEVELOPMENT_TEAM = U44QXKV53Z;
				FRAMEWORK_SEARCH_PATHS = (
					"$(inherited)",
					"$(PROJECT_DIR)",
					"$(PROJECT_DIR)/alipay",
				);
				HEADER_SEARCH_PATHS = (
					"$(inherited)",
					"\"${PODS_ROOT}/Headers/Public\"",
					"\"${PODS_ROOT}/Headers/Public/AFNetworking\"",
					"\"${PODS_ROOT}/Headers/Public/FFFJsonKillNull\"",
					"\"${PODS_ROOT}/Headers/Public/JPush\"",
					"\"${PODS_ROOT}/Headers/Public/ProgressHUD\"",
					"\"${PODS_ROOT}/Headers/Public/TPKeyboardAvoiding\"",
					"\"${PODS_ROOT}/Headers/Public/Toast\"",
					"\"${PODS_ROOT}/臻饰美/alipay \"${PODS_ROOT}/",
				);
				INFOPLIST_FILE = "臻饰美/Info.plist";
				IPHONEOS_DEPLOYMENT_TARGET = 8.0;
				LD_RUNPATH_SEARCH_PATHS = (
					"$(inherited)",
					"@executable_path/Frameworks",
				);
				PRODUCT_BUNDLE_IDENTIFIER = com.jt.zsm;
				PRODUCT_NAME = "$(TARGET_NAME)";
				TARGETED_DEVICE_FAMILY = 1;
			};
			name = Release;
		};
/* End XCBuildConfiguration section */

/* Begin XCConfigurationList section */
		AEC85267207CDD01008EBE06 /* Build configuration list for PBXProject "臻饰美" */ = {
			isa = XCConfigurationList;
			buildConfigurations = (
				AEC85280207CDD0A008EBE06 /* Debug */,
				AEC85281207CDD0A008EBE06 /* Release */,
			);
			defaultConfigurationIsVisible = 0;
			defaultConfigurationName = Release;
		};
		AEC85282207CDD0A008EBE06 /* Build configuration list for PBXNativeTarget "臻饰美" */ = {
			isa = XCConfigurationList;
			buildConfigurations = (
				AEC85283207CDD0A008EBE06 /* Debug */,
				AEC85284207CDD0A008EBE06 /* Release */,
			);
			defaultConfigurationIsVisible = 0;
			defaultConfigurationName = Release;
		};
/* End XCConfigurationList section */
	};
	rootObject = AEC85264207CDD01008EBE06 /* Project object */;
}
